// !$*UTF8*$!
{
	archiveVersion = 1;
	classes = {
	};
	objectVersion = 50;
	objects = {

/* Begin PBXBuildFile section */
		4C0CE74F227C4E7300ABC5B2 /* SingleImageWithTitleTableViewDataSource.swift in Sources */ = {isa = PBXBuildFile; fileRef = 4C0CE74E227C4E7200ABC5B2 /* SingleImageWithTitleTableViewDataSource.swift */; };
		4CBCA3882276261400D6D793 /* AppDelegate.swift in Sources */ = {isa = PBXBuildFile; fileRef = 4CBCA3872276261400D6D793 /* AppDelegate.swift */; };
		4CBCA38A2276261400D6D793 /* ViewController.swift in Sources */ = {isa = PBXBuildFile; fileRef = 4CBCA3892276261400D6D793 /* ViewController.swift */; };
		4CBCA38D2276261400D6D793 /* Main.storyboard in Resources */ = {isa = PBXBuildFile; fileRef = 4CBCA38B2276261400D6D793 /* Main.storyboard */; };
		4CBCA38F2276261B00D6D793 /* Assets.xcassets in Resources */ = {isa = PBXBuildFile; fileRef = 4CBCA38E2276261B00D6D793 /* Assets.xcassets */; };
		4CBCA3922276261B00D6D793 /* LaunchScreen.storyboard in Resources */ = {isa = PBXBuildFile; fileRef = 4CBCA3902276261B00D6D793 /* LaunchScreen.storyboard */; };
		4CBCA39A22762C9700D6D793 /* StarWarsIntroductionData.swift in Sources */ = {isa = PBXBuildFile; fileRef = 4CBCA39922762C9700D6D793 /* StarWarsIntroductionData.swift */; };
		4CBCA39C22762D3300D6D793 /* StarWarsIntroductionViewData.swift in Sources */ = {isa = PBXBuildFile; fileRef = 4CBCA39B22762D3300D6D793 /* StarWarsIntroductionViewData.swift */; };
		4CBCA39E2276325000D6D793 /* SingleImageDisplayableTableView.swift in Sources */ = {isa = PBXBuildFile; fileRef = 4CBCA39D2276325000D6D793 /* SingleImageDisplayableTableView.swift */; };
		4CBCA3A1227639FD00D6D793 /* SingleImageTableViewCell.swift in Sources */ = {isa = PBXBuildFile; fileRef = 4CBCA39F227639FD00D6D793 /* SingleImageTableViewCell.swift */; };
		4CBCA3A2227639FD00D6D793 /* SingleImageTableViewCell.xib in Resources */ = {isa = PBXBuildFile; fileRef = 4CBCA3A0227639FD00D6D793 /* SingleImageTableViewCell.xib */; };
		8E1811C5228D3053005BAD61 /* StarWarsLengthUnitToggleTableViewCell.swift in Sources */ = {isa = PBXBuildFile; fileRef = 8E1811C4228D3053005BAD61 /* StarWarsLengthUnitToggleTableViewCell.swift */; };
		8E1811C7228D3132005BAD61 /* StarWarsCostUnitToggleTableViewCell.swift in Sources */ = {isa = PBXBuildFile; fileRef = 8E1811C6228D3132005BAD61 /* StarWarsCostUnitToggleTableViewCell.swift */; };
		8E18B27C229883A500705CDF /* StarWarsFactsData.swift in Sources */ = {isa = PBXBuildFile; fileRef = 8E18B27B229883A500705CDF /* StarWarsFactsData.swift */; };
		8E18B27E22992CB200705CDF /* StarWarsFetchCharacterTransportersOperation.swift in Sources */ = {isa = PBXBuildFile; fileRef = 8E18B27D22992CB200705CDF /* StarWarsFetchCharacterTransportersOperation.swift */; };
		8E18B280229932B000705CDF /* StarWarsTrimmedTransporterViewData.swift in Sources */ = {isa = PBXBuildFile; fileRef = 8E18B27F229932B000705CDF /* StarWarsTrimmedTransporterViewData.swift */; };
		8E18B2822299354F00705CDF /* StarWarsCharacterTransporterTableView.swift in Sources */ = {isa = PBXBuildFile; fileRef = 8E18B2812299354F00705CDF /* StarWarsCharacterTransporterTableView.swift */; };
		8E18B28422993D7200705CDF /* StarWarsCharacterTransporterViewController.swift in Sources */ = {isa = PBXBuildFile; fileRef = 8E18B28322993D7200705CDF /* StarWarsCharacterTransporterViewController.swift */; };
		8E2E76B02288A36F00901200 /* Transporter.swift in Sources */ = {isa = PBXBuildFile; fileRef = 8E2E76AF2288A36F00901200 /* Transporter.swift */; };
		8E2E76B22288A41900901200 /* Character.swift in Sources */ = {isa = PBXBuildFile; fileRef = 8E2E76B12288A41900901200 /* Character.swift */; };
		8E2E76B42288A77B00901200 /* StarWars.swift in Sources */ = {isa = PBXBuildFile; fileRef = 8E2E76B32288A77B00901200 /* StarWars.swift */; };
		8E2FA1E3229C73A300CD7314 /* UITableViewCellUtilities.swift in Sources */ = {isa = PBXBuildFile; fileRef = 8E2FA1E2229C73A300CD7314 /* UITableViewCellUtilities.swift */; };
		8E6DA7F5228E9382000C185B /* StarWarsAccessoryDetailView.swift in Sources */ = {isa = PBXBuildFile; fileRef = 8E6DA7F4228E9382000C185B /* StarWarsAccessoryDetailView.swift */; };
		8E6DA7F7228E9396000C185B /* StarWarsAccessoryDetailView.xib in Resources */ = {isa = PBXBuildFile; fileRef = 8E6DA7F6228E9396000C185B /* StarWarsAccessoryDetailView.xib */; };
		8E6DA7F92291B2AC000C185B /* SelectionPickerView.swift in Sources */ = {isa = PBXBuildFile; fileRef = 8E6DA7F82291B2AC000C185B /* SelectionPickerView.swift */; };
		8E7A906D2289D12B00292F83 /* StarWarsAPIClient.swift in Sources */ = {isa = PBXBuildFile; fileRef = 8E7A906C2289D12B00292F83 /* StarWarsAPIClient.swift */; };
		8E7A906F2289F9C000292F83 /* StarWarsFetchResult.swift in Sources */ = {isa = PBXBuildFile; fileRef = 8E7A906E2289F9C000292F83 /* StarWarsFetchResult.swift */; };
		8E89A17122932E71002FCD68 /* StarWarsFetchOperation.swift in Sources */ = {isa = PBXBuildFile; fileRef = 8E89A17022932E71002FCD68 /* StarWarsFetchOperation.swift */; };
		8E89A17322932FCA002FCD68 /* StarWarsFetchCharacterHomeOperation.swift in Sources */ = {isa = PBXBuildFile; fileRef = 8E89A17222932FCA002FCD68 /* StarWarsFetchCharacterHomeOperation.swift */; };
		8E9E6C3C22970C5F000CCDDF /* StarWarsActivityIndicatorView.swift in Sources */ = {isa = PBXBuildFile; fileRef = 8E9E6C3B22970C5F000CCDDF /* StarWarsActivityIndicatorView.swift */; };
		8E9E6C3E22970C89000CCDDF /* StarWarsActivityIndicatorView.xib in Resources */ = {isa = PBXBuildFile; fileRef = 8E9E6C3D22970C89000CCDDF /* StarWarsActivityIndicatorView.xib */; };
		8E9E6C40229724F0000CCDDF /* StarWarsActivityIndicatorData.swift in Sources */ = {isa = PBXBuildFile; fileRef = 8E9E6C3F229724F0000CCDDF /* StarWarsActivityIndicatorData.swift */; };
		8EDD90DC2292798000C69FA3 /* StarWarsFactsView.swift in Sources */ = {isa = PBXBuildFile; fileRef = 8EDD90DB2292798000C69FA3 /* StarWarsFactsView.swift */; };
		8EDD90DE229279CC00C69FA3 /* StarWarsFactsView.xib in Resources */ = {isa = PBXBuildFile; fileRef = 8EDD90DD229279CC00C69FA3 /* StarWarsFactsView.xib */; };
		8EEF2F7B228AFE0A0083679E /* StarWarsDetailTableView.swift in Sources */ = {isa = PBXBuildFile; fileRef = 8EEF2F7A228AFE0A0083679E /* StarWarsDetailTableView.swift */; };
		8EEF2F7D228AFE350083679E /* StarWarsDetailViewController.swift in Sources */ = {isa = PBXBuildFile; fileRef = 8EEF2F7C228AFE350083679E /* StarWarsDetailViewController.swift */; };
		8EEF2F80228AFF070083679E /* StarWarsDetailTableViewCell.swift in Sources */ = {isa = PBXBuildFile; fileRef = 8EEF2F7E228AFF070083679E /* StarWarsDetailTableViewCell.swift */; };
		8EEF2F81228AFF070083679E /* StarWarsDetailTableViewCell.xib in Resources */ = {isa = PBXBuildFile; fileRef = 8EEF2F7F228AFF070083679E /* StarWarsDetailTableViewCell.xib */; };
		8EEF2F8F228B0A020083679E /* StarWarsDetailDataSource.swift in Sources */ = {isa = PBXBuildFile; fileRef = 8EEF2F8E228B0A020083679E /* StarWarsDetailDataSource.swift */; };
		8EEF2F93228B3FB60083679E /* StarWarsCharacterViewData.swift in Sources */ = {isa = PBXBuildFile; fileRef = 8EEF2F92228B3FB60083679E /* StarWarsCharacterViewData.swift */; };
		8EEF2F95228B45CF0083679E /* StarWarsAttributeDisplay.swift in Sources */ = {isa = PBXBuildFile; fileRef = 8EEF2F94228B45CF0083679E /* StarWarsAttributeDisplay.swift */; };
		8EEF2F97228BD2510083679E /* StarWarsViewData.swift in Sources */ = {isa = PBXBuildFile; fileRef = 8EEF2F96228BD2510083679E /* StarWarsViewData.swift */; };
		8EEF2F99228C0E8E0083679E /* StarWarsTransporterViewData.swift in Sources */ = {isa = PBXBuildFile; fileRef = 8EEF2F98228C0E8E0083679E /* StarWarsTransporterViewData.swift */; };
		8EEF2F9B228C16950083679E /* StarWarsCharacterViewController.swift in Sources */ = {isa = PBXBuildFile; fileRef = 8EEF2F9A228C16950083679E /* StarWarsCharacterViewController.swift */; };
		8EEF2F9D228C16D00083679E /* StarWarsTransporterViewController.swift in Sources */ = {isa = PBXBuildFile; fileRef = 8EEF2F9C228C16D00083679E /* StarWarsTransporterViewController.swift */; };
/* End PBXBuildFile section */

/* Begin PBXFileReference section */
		4C0CE74E227C4E7200ABC5B2 /* SingleImageWithTitleTableViewDataSource.swift */ = {isa = PBXFileReference; lastKnownFileType = sourcecode.swift; path = SingleImageWithTitleTableViewDataSource.swift; sourceTree = "<group>"; };
		4CBCA3842276261400D6D793 /* StarWars.app */ = {isa = PBXFileReference; explicitFileType = wrapper.application; includeInIndex = 0; path = StarWars.app; sourceTree = BUILT_PRODUCTS_DIR; };
		4CBCA3872276261400D6D793 /* AppDelegate.swift */ = {isa = PBXFileReference; lastKnownFileType = sourcecode.swift; path = AppDelegate.swift; sourceTree = "<group>"; };
		4CBCA3892276261400D6D793 /* ViewController.swift */ = {isa = PBXFileReference; lastKnownFileType = sourcecode.swift; path = ViewController.swift; sourceTree = "<group>"; };
		4CBCA38C2276261400D6D793 /* Base */ = {isa = PBXFileReference; lastKnownFileType = file.storyboard; name = Base; path = Base.lproj/Main.storyboard; sourceTree = "<group>"; };
		4CBCA38E2276261B00D6D793 /* Assets.xcassets */ = {isa = PBXFileReference; lastKnownFileType = folder.assetcatalog; path = Assets.xcassets; sourceTree = "<group>"; };
		4CBCA3912276261B00D6D793 /* Base */ = {isa = PBXFileReference; lastKnownFileType = file.storyboard; name = Base; path = Base.lproj/LaunchScreen.storyboard; sourceTree = "<group>"; };
		4CBCA3932276261B00D6D793 /* Info.plist */ = {isa = PBXFileReference; lastKnownFileType = text.plist.xml; path = Info.plist; sourceTree = "<group>"; };
		4CBCA39922762C9700D6D793 /* StarWarsIntroductionData.swift */ = {isa = PBXFileReference; lastKnownFileType = sourcecode.swift; path = StarWarsIntroductionData.swift; sourceTree = "<group>"; };
		4CBCA39B22762D3300D6D793 /* StarWarsIntroductionViewData.swift */ = {isa = PBXFileReference; lastKnownFileType = sourcecode.swift; path = StarWarsIntroductionViewData.swift; sourceTree = "<group>"; };
		4CBCA39D2276325000D6D793 /* SingleImageDisplayableTableView.swift */ = {isa = PBXFileReference; lastKnownFileType = sourcecode.swift; path = SingleImageDisplayableTableView.swift; sourceTree = "<group>"; };
		4CBCA39F227639FD00D6D793 /* SingleImageTableViewCell.swift */ = {isa = PBXFileReference; lastKnownFileType = sourcecode.swift; path = SingleImageTableViewCell.swift; sourceTree = "<group>"; };
		4CBCA3A0227639FD00D6D793 /* SingleImageTableViewCell.xib */ = {isa = PBXFileReference; lastKnownFileType = file.xib; path = SingleImageTableViewCell.xib; sourceTree = "<group>"; };
		8E1811C4228D3053005BAD61 /* StarWarsLengthUnitToggleTableViewCell.swift */ = {isa = PBXFileReference; lastKnownFileType = sourcecode.swift; path = StarWarsLengthUnitToggleTableViewCell.swift; sourceTree = "<group>"; };
		8E1811C6228D3132005BAD61 /* StarWarsCostUnitToggleTableViewCell.swift */ = {isa = PBXFileReference; lastKnownFileType = sourcecode.swift; path = StarWarsCostUnitToggleTableViewCell.swift; sourceTree = "<group>"; };
		8E18B27B229883A500705CDF /* StarWarsFactsData.swift */ = {isa = PBXFileReference; lastKnownFileType = sourcecode.swift; path = StarWarsFactsData.swift; sourceTree = "<group>"; };
		8E18B27D22992CB200705CDF /* StarWarsFetchCharacterTransportersOperation.swift */ = {isa = PBXFileReference; lastKnownFileType = sourcecode.swift; path = StarWarsFetchCharacterTransportersOperation.swift; sourceTree = "<group>"; };
		8E18B27F229932B000705CDF /* StarWarsTrimmedTransporterViewData.swift */ = {isa = PBXFileReference; lastKnownFileType = sourcecode.swift; path = StarWarsTrimmedTransporterViewData.swift; sourceTree = "<group>"; };
		8E18B2812299354F00705CDF /* StarWarsCharacterTransporterTableView.swift */ = {isa = PBXFileReference; lastKnownFileType = sourcecode.swift; path = StarWarsCharacterTransporterTableView.swift; sourceTree = "<group>"; };
		8E18B28322993D7200705CDF /* StarWarsCharacterTransporterViewController.swift */ = {isa = PBXFileReference; lastKnownFileType = sourcecode.swift; path = StarWarsCharacterTransporterViewController.swift; sourceTree = "<group>"; };
		8E2E76AF2288A36F00901200 /* Transporter.swift */ = {isa = PBXFileReference; lastKnownFileType = sourcecode.swift; path = Transporter.swift; sourceTree = "<group>"; };
		8E2E76B12288A41900901200 /* Character.swift */ = {isa = PBXFileReference; lastKnownFileType = sourcecode.swift; path = Character.swift; sourceTree = "<group>"; };
		8E2E76B32288A77B00901200 /* StarWars.swift */ = {isa = PBXFileReference; lastKnownFileType = sourcecode.swift; path = StarWars.swift; sourceTree = "<group>"; };
		8E2FA1E2229C73A300CD7314 /* UITableViewCellUtilities.swift */ = {isa = PBXFileReference; lastKnownFileType = sourcecode.swift; path = UITableViewCellUtilities.swift; sourceTree = "<group>"; };
		8E6DA7F4228E9382000C185B /* StarWarsAccessoryDetailView.swift */ = {isa = PBXFileReference; lastKnownFileType = sourcecode.swift; path = StarWarsAccessoryDetailView.swift; sourceTree = "<group>"; };
		8E6DA7F6228E9396000C185B /* StarWarsAccessoryDetailView.xib */ = {isa = PBXFileReference; lastKnownFileType = file.xib; path = StarWarsAccessoryDetailView.xib; sourceTree = "<group>"; };
		8E6DA7F82291B2AC000C185B /* SelectionPickerView.swift */ = {isa = PBXFileReference; lastKnownFileType = sourcecode.swift; path = SelectionPickerView.swift; sourceTree = "<group>"; };
		8E7A906C2289D12B00292F83 /* StarWarsAPIClient.swift */ = {isa = PBXFileReference; lastKnownFileType = sourcecode.swift; path = StarWarsAPIClient.swift; sourceTree = "<group>"; };
		8E7A906E2289F9C000292F83 /* StarWarsFetchResult.swift */ = {isa = PBXFileReference; lastKnownFileType = sourcecode.swift; path = StarWarsFetchResult.swift; sourceTree = "<group>"; };
		8E89A17022932E71002FCD68 /* StarWarsFetchOperation.swift */ = {isa = PBXFileReference; lastKnownFileType = sourcecode.swift; path = StarWarsFetchOperation.swift; sourceTree = "<group>"; };
		8E89A17222932FCA002FCD68 /* StarWarsFetchCharacterHomeOperation.swift */ = {isa = PBXFileReference; lastKnownFileType = sourcecode.swift; path = StarWarsFetchCharacterHomeOperation.swift; sourceTree = "<group>"; };
		8E9E6C3B22970C5F000CCDDF /* StarWarsActivityIndicatorView.swift */ = {isa = PBXFileReference; lastKnownFileType = sourcecode.swift; path = StarWarsActivityIndicatorView.swift; sourceTree = "<group>"; };
		8E9E6C3D22970C89000CCDDF /* StarWarsActivityIndicatorView.xib */ = {isa = PBXFileReference; lastKnownFileType = file.xib; path = StarWarsActivityIndicatorView.xib; sourceTree = "<group>"; };
		8E9E6C3F229724F0000CCDDF /* StarWarsActivityIndicatorData.swift */ = {isa = PBXFileReference; lastKnownFileType = sourcecode.swift; path = StarWarsActivityIndicatorData.swift; sourceTree = "<group>"; };
		8EDD90DB2292798000C69FA3 /* StarWarsFactsView.swift */ = {isa = PBXFileReference; lastKnownFileType = sourcecode.swift; path = StarWarsFactsView.swift; sourceTree = "<group>"; };
		8EDD90DD229279CC00C69FA3 /* StarWarsFactsView.xib */ = {isa = PBXFileReference; lastKnownFileType = file.xib; path = StarWarsFactsView.xib; sourceTree = "<group>"; };
		8EEF2F7A228AFE0A0083679E /* StarWarsDetailTableView.swift */ = {isa = PBXFileReference; lastKnownFileType = sourcecode.swift; path = StarWarsDetailTableView.swift; sourceTree = "<group>"; };
		8EEF2F7C228AFE350083679E /* StarWarsDetailViewController.swift */ = {isa = PBXFileReference; lastKnownFileType = sourcecode.swift; path = StarWarsDetailViewController.swift; sourceTree = "<group>"; };
		8EEF2F7E228AFF070083679E /* StarWarsDetailTableViewCell.swift */ = {isa = PBXFileReference; lastKnownFileType = sourcecode.swift; path = StarWarsDetailTableViewCell.swift; sourceTree = "<group>"; };
		8EEF2F7F228AFF070083679E /* StarWarsDetailTableViewCell.xib */ = {isa = PBXFileReference; lastKnownFileType = file.xib; path = StarWarsDetailTableViewCell.xib; sourceTree = "<group>"; };
		8EEF2F8E228B0A020083679E /* StarWarsDetailDataSource.swift */ = {isa = PBXFileReference; lastKnownFileType = sourcecode.swift; path = StarWarsDetailDataSource.swift; sourceTree = "<group>"; };
		8EEF2F92228B3FB60083679E /* StarWarsCharacterViewData.swift */ = {isa = PBXFileReference; lastKnownFileType = sourcecode.swift; path = StarWarsCharacterViewData.swift; sourceTree = "<group>"; };
		8EEF2F94228B45CF0083679E /* StarWarsAttributeDisplay.swift */ = {isa = PBXFileReference; lastKnownFileType = sourcecode.swift; path = StarWarsAttributeDisplay.swift; sourceTree = "<group>"; };
		8EEF2F96228BD2510083679E /* StarWarsViewData.swift */ = {isa = PBXFileReference; lastKnownFileType = sourcecode.swift; path = StarWarsViewData.swift; sourceTree = "<group>"; };
		8EEF2F98228C0E8E0083679E /* StarWarsTransporterViewData.swift */ = {isa = PBXFileReference; lastKnownFileType = sourcecode.swift; path = StarWarsTransporterViewData.swift; sourceTree = "<group>"; };
		8EEF2F9A228C16950083679E /* StarWarsCharacterViewController.swift */ = {isa = PBXFileReference; lastKnownFileType = sourcecode.swift; path = StarWarsCharacterViewController.swift; sourceTree = "<group>"; };
		8EEF2F9C228C16D00083679E /* StarWarsTransporterViewController.swift */ = {isa = PBXFileReference; lastKnownFileType = sourcecode.swift; path = StarWarsTransporterViewController.swift; sourceTree = "<group>"; };
/* End PBXFileReference section */

/* Begin PBXFrameworksBuildPhase section */
		4CBCA3812276261400D6D793 /* Frameworks */ = {
			isa = PBXFrameworksBuildPhase;
			buildActionMask = 2147483647;
			files = (
			);
			runOnlyForDeploymentPostprocessing = 0;
		};
/* End PBXFrameworksBuildPhase section */

/* Begin PBXGroup section */
		4CBCA37B2276261300D6D793 = {
			isa = PBXGroup;
			children = (
				4CBCA3862276261400D6D793 /* StarWars */,
				4CBCA3852276261400D6D793 /* Products */,
			);
			sourceTree = "<group>";
		};
		4CBCA3852276261400D6D793 /* Products */ = {
			isa = PBXGroup;
			children = (
				4CBCA3842276261400D6D793 /* StarWars.app */,
			);
			name = Products;
			sourceTree = "<group>";
		};
		4CBCA3862276261400D6D793 /* StarWars */ = {
			isa = PBXGroup;
			children = (
				8EEF2F86228B06740083679E /* DetailScreen */,
				8E2E76AD2288869D00901200 /* Common */,
				8E2E76AA2288856F00901200 /* IntroductionScreen */,
				4CBCA3872276261400D6D793 /* AppDelegate.swift */,
				4CBCA38B2276261400D6D793 /* Main.storyboard */,
				4CBCA38E2276261B00D6D793 /* Assets.xcassets */,
				4CBCA3902276261B00D6D793 /* LaunchScreen.storyboard */,
				4CBCA3932276261B00D6D793 /* Info.plist */,
			);
			path = StarWars;
			sourceTree = "<group>";
		};
		8E2E76AA2288856F00901200 /* IntroductionScreen */ = {
			isa = PBXGroup;
			children = (
				8E2E76AE2288884000901200 /* Controller */,
				8E2E76AC228885E900901200 /* ViewModel */,
				8E2E76AB228885CC00901200 /* Model */,
			);
			name = IntroductionScreen;
			sourceTree = "<group>";
		};
		8E2E76AB228885CC00901200 /* Model */ = {
			isa = PBXGroup;
			children = (
				4CBCA39922762C9700D6D793 /* StarWarsIntroductionData.swift */,
			);
			name = Model;
			sourceTree = "<group>";
		};
		8E2E76AC228885E900901200 /* ViewModel */ = {
			isa = PBXGroup;
			children = (
				4CBCA39B22762D3300D6D793 /* StarWarsIntroductionViewData.swift */,
			);
			name = ViewModel;
			sourceTree = "<group>";
		};
		8E2E76AD2288869D00901200 /* Common */ = {
			isa = PBXGroup;
			children = (
				4CBCA39D2276325000D6D793 /* SingleImageDisplayableTableView.swift */,
				4CBCA39F227639FD00D6D793 /* SingleImageTableViewCell.swift */,
				4CBCA3A0227639FD00D6D793 /* SingleImageTableViewCell.xib */,
				4C0CE74E227C4E7200ABC5B2 /* SingleImageWithTitleTableViewDataSource.swift */,
				8E6DA7F82291B2AC000C185B /* SelectionPickerView.swift */,
				8E2FA1E2229C73A300CD7314 /* UITableViewCellUtilities.swift */,
			);
			name = Common;
			sourceTree = "<group>";
		};
		8E2E76AE2288884000901200 /* Controller */ = {
			isa = PBXGroup;
			children = (
				4CBCA3892276261400D6D793 /* ViewController.swift */,
			);
			name = Controller;
			sourceTree = "<group>";
		};
		8EEF2F86228B06740083679E /* DetailScreen */ = {
			isa = PBXGroup;
			children = (
				8EEF2F8D228B09CF0083679E /* DataSource */,
				8EEF2F8C228B07B40083679E /* API_Client */,
				8EEF2F8B228B07700083679E /* EndPoint */,
				8EEF2F8A228B06A70083679E /* Controller */,
				8EEF2F89228B06A00083679E /* ViewModel */,
				8EEF2F88228B06990083679E /* Model */,
				8EEF2F87228B068E0083679E /* View */,
			);
			name = DetailScreen;
			sourceTree = "<group>";
		};
		8EEF2F87228B068E0083679E /* View */ = {
			isa = PBXGroup;
			children = (
				8EEF2F7E228AFF070083679E /* StarWarsDetailTableViewCell.swift */,
				8EEF2F7F228AFF070083679E /* StarWarsDetailTableViewCell.xib */,
				8EEF2F7A228AFE0A0083679E /* StarWarsDetailTableView.swift */,
				8E1811C4228D3053005BAD61 /* StarWarsLengthUnitToggleTableViewCell.swift */,
				8E1811C6228D3132005BAD61 /* StarWarsCostUnitToggleTableViewCell.swift */,
				8E6DA7F4228E9382000C185B /* StarWarsAccessoryDetailView.swift */,
				8E6DA7F6228E9396000C185B /* StarWarsAccessoryDetailView.xib */,
				8EDD90DB2292798000C69FA3 /* StarWarsFactsView.swift */,
				8EDD90DD229279CC00C69FA3 /* StarWarsFactsView.xib */,
				8E9E6C3B22970C5F000CCDDF /* StarWarsActivityIndicatorView.swift */,
				8E9E6C3D22970C89000CCDDF /* StarWarsActivityIndicatorView.xib */,
				8E18B2812299354F00705CDF /* StarWarsCharacterTransporterTableView.swift */,
			);
			name = View;
			sourceTree = "<group>";
		};
		8EEF2F88228B06990083679E /* Model */ = {
			isa = PBXGroup;
			children = (
				8E7A906E2289F9C000292F83 /* StarWarsFetchResult.swift */,
				8E2E76AF2288A36F00901200 /* Transporter.swift */,
				8E2E76B12288A41900901200 /* Character.swift */,
				8EEF2F94228B45CF0083679E /* StarWarsAttributeDisplay.swift */,
				8E9E6C3F229724F0000CCDDF /* StarWarsActivityIndicatorData.swift */,
				8E18B27B229883A500705CDF /* StarWarsFactsData.swift */,
			);
			name = Model;
			sourceTree = "<group>";
		};
		8EEF2F89228B06A00083679E /* ViewModel */ = {
			isa = PBXGroup;
			children = (
				8EEF2F92228B3FB60083679E /* StarWarsCharacterViewData.swift */,
				8EEF2F96228BD2510083679E /* StarWarsViewData.swift */,
				8EEF2F98228C0E8E0083679E /* StarWarsTransporterViewData.swift */,
				8E18B27F229932B000705CDF /* StarWarsTrimmedTransporterViewData.swift */,
			);
			name = ViewModel;
			sourceTree = "<group>";
		};
		8EEF2F8A228B06A70083679E /* Controller */ = {
			isa = PBXGroup;
			children = (
				8EEF2F7C228AFE350083679E /* StarWarsDetailViewController.swift */,
				8EEF2F9A228C16950083679E /* StarWarsCharacterViewController.swift */,
				8EEF2F9C228C16D00083679E /* StarWarsTransporterViewController.swift */,
				8E18B28322993D7200705CDF /* StarWarsCharacterTransporterViewController.swift */,
			);
			name = Controller;
			sourceTree = "<group>";
		};
		8EEF2F8B228B07700083679E /* EndPoint */ = {
			isa = PBXGroup;
			children = (
				8E2E76B32288A77B00901200 /* StarWars.swift */,
			);
			name = EndPoint;
			sourceTree = "<group>";
		};
		8EEF2F8C228B07B40083679E /* API_Client */ = {
			isa = PBXGroup;
			children = (
				8E7A906C2289D12B00292F83 /* StarWarsAPIClient.swift */,
				8E89A17022932E71002FCD68 /* StarWarsFetchOperation.swift */,
				8E89A17222932FCA002FCD68 /* StarWarsFetchCharacterHomeOperation.swift */,
				8E18B27D22992CB200705CDF /* StarWarsFetchCharacterTransportersOperation.swift */,
			);
			name = API_Client;
			sourceTree = "<group>";
		};
		8EEF2F8D228B09CF0083679E /* DataSource */ = {
			isa = PBXGroup;
			children = (
				8EEF2F8E228B0A020083679E /* StarWarsDetailDataSource.swift */,
			);
			name = DataSource;
			sourceTree = "<group>";
		};
/* End PBXGroup section */

/* Begin PBXNativeTarget section */
		4CBCA3832276261400D6D793 /* StarWars */ = {
			isa = PBXNativeTarget;
			buildConfigurationList = 4CBCA3962276261B00D6D793 /* Build configuration list for PBXNativeTarget "StarWars" */;
			buildPhases = (
				4CBCA3802276261400D6D793 /* Sources */,
				4CBCA3812276261400D6D793 /* Frameworks */,
				4CBCA3822276261400D6D793 /* Resources */,
			);
			buildRules = (
			);
			dependencies = (
			);
			name = StarWars;
			productName = StarWars;
			productReference = 4CBCA3842276261400D6D793 /* StarWars.app */;
			productType = "com.apple.product-type.application";
		};
/* End PBXNativeTarget section */

/* Begin PBXProject section */
		4CBCA37C2276261400D6D793 /* Project object */ = {
			isa = PBXProject;
			attributes = {
				LastSwiftUpdateCheck = 1020;
				LastUpgradeCheck = 1020;
				ORGANIZATIONNAME = "Bharath Chandrashekar";
				TargetAttributes = {
					4CBCA3832276261400D6D793 = {
						CreatedOnToolsVersion = 10.2.1;
					};
				};
			};
			buildConfigurationList = 4CBCA37F2276261400D6D793 /* Build configuration list for PBXProject "StarWars" */;
			compatibilityVersion = "Xcode 9.3";
			developmentRegion = en;
			hasScannedForEncodings = 0;
			knownRegions = (
				en,
				Base,
			);
			mainGroup = 4CBCA37B2276261300D6D793;
			productRefGroup = 4CBCA3852276261400D6D793 /* Products */;
			projectDirPath = "";
			projectRoot = "";
			targets = (
				4CBCA3832276261400D6D793 /* StarWars */,
			);
		};
/* End PBXProject section */

/* Begin PBXResourcesBuildPhase section */
		4CBCA3822276261400D6D793 /* Resources */ = {
			isa = PBXResourcesBuildPhase;
			buildActionMask = 2147483647;
			files = (
				4CBCA3922276261B00D6D793 /* LaunchScreen.storyboard in Resources */,
				4CBCA3A2227639FD00D6D793 /* SingleImageTableViewCell.xib in Resources */,
				8E9E6C3E22970C89000CCDDF /* StarWarsActivityIndicatorView.xib in Resources */,
				4CBCA38F2276261B00D6D793 /* Assets.xcassets in Resources */,
				8E6DA7F7228E9396000C185B /* StarWarsAccessoryDetailView.xib in Resources */,
				8EDD90DE229279CC00C69FA3 /* StarWarsFactsView.xib in Resources */,
				4CBCA38D2276261400D6D793 /* Main.storyboard in Resources */,
				8EEF2F81228AFF070083679E /* StarWarsDetailTableViewCell.xib in Resources */,
			);
			runOnlyForDeploymentPostprocessing = 0;
		};
/* End PBXResourcesBuildPhase section */

/* Begin PBXSourcesBuildPhase section */
		4CBCA3802276261400D6D793 /* Sources */ = {
			isa = PBXSourcesBuildPhase;
			buildActionMask = 2147483647;
			files = (
				8E2E76B22288A41900901200 /* Character.swift in Sources */,
				8EDD90DC2292798000C69FA3 /* StarWarsFactsView.swift in Sources */,
				8E6DA7F92291B2AC000C185B /* SelectionPickerView.swift in Sources */,
				8E2E76B02288A36F00901200 /* Transporter.swift in Sources */,
				8E6DA7F5228E9382000C185B /* StarWarsAccessoryDetailView.swift in Sources */,
				8E9E6C40229724F0000CCDDF /* StarWarsActivityIndicatorData.swift in Sources */,
				4CBCA38A2276261400D6D793 /* ViewController.swift in Sources */,
				8EEF2F99228C0E8E0083679E /* StarWarsTransporterViewData.swift in Sources */,
				4CBCA39A22762C9700D6D793 /* StarWarsIntroductionData.swift in Sources */,
				8E18B27E22992CB200705CDF /* StarWarsFetchCharacterTransportersOperation.swift in Sources */,
				8E2E76B42288A77B00901200 /* StarWars.swift in Sources */,
				8EEF2F97228BD2510083679E /* StarWarsViewData.swift in Sources */,
				4CBCA3882276261400D6D793 /* AppDelegate.swift in Sources */,
				8E89A17322932FCA002FCD68 /* StarWarsFetchCharacterHomeOperation.swift in Sources */,
				4CBCA3A1227639FD00D6D793 /* SingleImageTableViewCell.swift in Sources */,
				8E18B2822299354F00705CDF /* StarWarsCharacterTransporterTableView.swift in Sources */,
				4CBCA39E2276325000D6D793 /* SingleImageDisplayableTableView.swift in Sources */,
				8EEF2F80228AFF070083679E /* StarWarsDetailTableViewCell.swift in Sources */,
				8EEF2F9B228C16950083679E /* StarWarsCharacterViewController.swift in Sources */,
				8E9E6C3C22970C5F000CCDDF /* StarWarsActivityIndicatorView.swift in Sources */,
				8E1811C5228D3053005BAD61 /* StarWarsLengthUnitToggleTableViewCell.swift in Sources */,
				8EEF2F95228B45CF0083679E /* StarWarsAttributeDisplay.swift in Sources */,
				8E18B27C229883A500705CDF /* StarWarsFactsData.swift in Sources */,
				8E18B280229932B000705CDF /* StarWarsTrimmedTransporterViewData.swift in Sources */,
				8E18B28422993D7200705CDF /* StarWarsCharacterTransporterViewController.swift in Sources */,
				8E89A17122932E71002FCD68 /* StarWarsFetchOperation.swift in Sources */,
				8EEF2F8F228B0A020083679E /* StarWarsDetailDataSource.swift in Sources */,
				8E7A906F2289F9C000292F83 /* StarWarsFetchResult.swift in Sources */,
				8E2FA1E3229C73A300CD7314 /* UITableViewCellUtilities.swift in Sources */,
				8E7A906D2289D12B00292F83 /* StarWarsAPIClient.swift in Sources */,
				8EEF2F7D228AFE350083679E /* StarWarsDetailViewController.swift in Sources */,
				8E1811C7228D3132005BAD61 /* StarWarsCostUnitToggleTableViewCell.swift in Sources */,
				4CBCA39C22762D3300D6D793 /* StarWarsIntroductionViewData.swift in Sources */,
				4C0CE74F227C4E7300ABC5B2 /* SingleImageWithTitleTableViewDataSource.swift in Sources */,
				8EEF2F9D228C16D00083679E /* StarWarsTransporterViewController.swift in Sources */,
				8EEF2F7B228AFE0A0083679E /* StarWarsDetailTableView.swift in Sources */,
				8EEF2F93228B3FB60083679E /* StarWarsCharacterViewData.swift in Sources */,
			);
			runOnlyForDeploymentPostprocessing = 0;
		};
/* End PBXSourcesBuildPhase section */

/* Begin PBXVariantGroup section */
		4CBCA38B2276261400D6D793 /* Main.storyboard */ = {
			isa = PBXVariantGroup;
			children = (
				4CBCA38C2276261400D6D793 /* Base */,
			);
			name = Main.storyboard;
			sourceTree = "<group>";
		};
		4CBCA3902276261B00D6D793 /* LaunchScreen.storyboard */ = {
			isa = PBXVariantGroup;
			children = (
				4CBCA3912276261B00D6D793 /* Base */,
			);
			name = LaunchScreen.storyboard;
			sourceTree = "<group>";
		};
/* End PBXVariantGroup section */

/* Begin XCBuildConfiguration section */
		4CBCA3942276261B00D6D793 /* Debug */ = {
			isa = XCBuildConfiguration;
			buildSettings = {
				ALWAYS_SEARCH_USER_PATHS = NO;
				CLANG_ANALYZER_NONNULL = YES;
				CLANG_ANALYZER_NUMBER_OBJECT_CONVERSION = YES_AGGRESSIVE;
				CLANG_CXX_LANGUAGE_STANDARD = "gnu++14";
				CLANG_CXX_LIBRARY = "libc++";
				CLANG_ENABLE_MODULES = YES;
				CLANG_ENABLE_OBJC_ARC = YES;
				CLANG_ENABLE_OBJC_WEAK = YES;
				CLANG_WARN_BLOCK_CAPTURE_AUTORELEASING = YES;
				CLANG_WARN_BOOL_CONVERSION = YES;
				CLANG_WARN_COMMA = YES;
				CLANG_WARN_CONSTANT_CONVERSION = YES;
				CLANG_WARN_DEPRECATED_OBJC_IMPLEMENTATIONS = YES;
				CLANG_WARN_DIRECT_OBJC_ISA_USAGE = YES_ERROR;
				CLANG_WARN_DOCUMENTATION_COMMENTS = YES;
				CLANG_WARN_EMPTY_BODY = YES;
				CLANG_WARN_ENUM_CONVERSION = YES;
				CLANG_WARN_INFINITE_RECURSION = YES;
				CLANG_WARN_INT_CONVERSION = YES;
				CLANG_WARN_NON_LITERAL_NULL_CONVERSION = YES;
				CLANG_WARN_OBJC_IMPLICIT_RETAIN_SELF = YES;
				CLANG_WARN_OBJC_LITERAL_CONVERSION = YES;
				CLANG_WARN_OBJC_ROOT_CLASS = YES_ERROR;
				CLANG_WARN_RANGE_LOOP_ANALYSIS = YES;
				CLANG_WARN_STRICT_PROTOTYPES = YES;
				CLANG_WARN_SUSPICIOUS_MOVE = YES;
				CLANG_WARN_UNGUARDED_AVAILABILITY = YES_AGGRESSIVE;
				CLANG_WARN_UNREACHABLE_CODE = YES;
				CLANG_WARN__DUPLICATE_METHOD_MATCH = YES;
				CODE_SIGN_IDENTITY = "iPhone Developer";
				COPY_PHASE_STRIP = NO;
				DEBUG_INFORMATION_FORMAT = dwarf;
				ENABLE_STRICT_OBJC_MSGSEND = YES;
				ENABLE_TESTABILITY = YES;
				GCC_C_LANGUAGE_STANDARD = gnu11;
				GCC_DYNAMIC_NO_PIC = NO;
				GCC_NO_COMMON_BLOCKS = YES;
				GCC_OPTIMIZATION_LEVEL = 0;
				GCC_PREPROCESSOR_DEFINITIONS = (
					"DEBUG=1",
					"$(inherited)",
				);
				GCC_WARN_64_TO_32_BIT_CONVERSION = YES;
				GCC_WARN_ABOUT_RETURN_TYPE = YES_ERROR;
				GCC_WARN_UNDECLARED_SELECTOR = YES;
				GCC_WARN_UNINITIALIZED_AUTOS = YES_AGGRESSIVE;
				GCC_WARN_UNUSED_FUNCTION = YES;
				GCC_WARN_UNUSED_VARIABLE = YES;
				IPHONEOS_DEPLOYMENT_TARGET = 12.2;
				MTL_ENABLE_DEBUG_INFO = INCLUDE_SOURCE;
				MTL_FAST_MATH = YES;
				ONLY_ACTIVE_ARCH = YES;
				SDKROOT = iphoneos;
				SWIFT_ACTIVE_COMPILATION_CONDITIONS = DEBUG;
				SWIFT_OPTIMIZATION_LEVEL = "-Onone";
			};
			name = Debug;
		};
		4CBCA3952276261B00D6D793 /* Release */ = {
			isa = XCBuildConfiguration;
			buildSettings = {
				ALWAYS_SEARCH_USER_PATHS = NO;
				CLANG_ANALYZER_NONNULL = YES;
				CLANG_ANALYZER_NUMBER_OBJECT_CONVERSION = YES_AGGRESSIVE;
				CLANG_CXX_LANGUAGE_STANDARD = "gnu++14";
				CLANG_CXX_LIBRARY = "libc++";
				CLANG_ENABLE_MODULES = YES;
				CLANG_ENABLE_OBJC_ARC = YES;
				CLANG_ENABLE_OBJC_WEAK = YES;
				CLANG_WARN_BLOCK_CAPTURE_AUTORELEASING = YES;
				CLANG_WARN_BOOL_CONVERSION = YES;
				CLANG_WARN_COMMA = YES;
				CLANG_WARN_CONSTANT_CONVERSION = YES;
				CLANG_WARN_DEPRECATED_OBJC_IMPLEMENTATIONS = YES;
				CLANG_WARN_DIRECT_OBJC_ISA_USAGE = YES_ERROR;
				CLANG_WARN_DOCUMENTATION_COMMENTS = YES;
				CLANG_WARN_EMPTY_BODY = YES;
				CLANG_WARN_ENUM_CONVERSION = YES;
				CLANG_WARN_INFINITE_RECURSION = YES;
				CLANG_WARN_INT_CONVERSION = YES;
				CLANG_WARN_NON_LITERAL_NULL_CONVERSION = YES;
				CLANG_WARN_OBJC_IMPLICIT_RETAIN_SELF = YES;
				CLANG_WARN_OBJC_LITERAL_CONVERSION = YES;
				CLANG_WARN_OBJC_ROOT_CLASS = YES_ERROR;
				CLANG_WARN_RANGE_LOOP_ANALYSIS = YES;
				CLANG_WARN_STRICT_PROTOTYPES = YES;
				CLANG_WARN_SUSPICIOUS_MOVE = YES;
				CLANG_WARN_UNGUARDED_AVAILABILITY = YES_AGGRESSIVE;
				CLANG_WARN_UNREACHABLE_CODE = YES;
				CLANG_WARN__DUPLICATE_METHOD_MATCH = YES;
				CODE_SIGN_IDENTITY = "iPhone Developer";
				COPY_PHASE_STRIP = NO;
				DEBUG_INFORMATION_FORMAT = "dwarf-with-dsym";
				ENABLE_NS_ASSERTIONS = NO;
				ENABLE_STRICT_OBJC_MSGSEND = YES;
				GCC_C_LANGUAGE_STANDARD = gnu11;
				GCC_NO_COMMON_BLOCKS = YES;
				GCC_WARN_64_TO_32_BIT_CONVERSION = YES;
				GCC_WARN_ABOUT_RETURN_TYPE = YES_ERROR;
				GCC_WARN_UNDECLARED_SELECTOR = YES;
				GCC_WARN_UNINITIALIZED_AUTOS = YES_AGGRESSIVE;
				GCC_WARN_UNUSED_FUNCTION = YES;
				GCC_WARN_UNUSED_VARIABLE = YES;
				IPHONEOS_DEPLOYMENT_TARGET = 12.2;
				MTL_ENABLE_DEBUG_INFO = NO;
				MTL_FAST_MATH = YES;
				SDKROOT = iphoneos;
				SWIFT_COMPILATION_MODE = wholemodule;
				SWIFT_OPTIMIZATION_LEVEL = "-O";
				VALIDATE_PRODUCT = YES;
			};
			name = Release;
		};
		4CBCA3972276261B00D6D793 /* Debug */ = {
			isa = XCBuildConfiguration;
			buildSettings = {
				ASSETCATALOG_COMPILER_APPICON_NAME = AppIcon;
				CODE_SIGN_STYLE = Automatic;
				DEVELOPMENT_TEAM = 73CXK45F3F;
				INFOPLIST_FILE = StarWars/Info.plist;
				LD_RUNPATH_SEARCH_PATHS = (
					"$(inherited)",
					"@executable_path/Frameworks",
				);
				PRODUCT_BUNDLE_IDENTIFIER = SAN.StarWars;
				PRODUCT_NAME = "$(TARGET_NAME)";
				SWIFT_VERSION = 5.0;
				TARGETED_DEVICE_FAMILY = "1,2";
			};
			name = Debug;
		};
		4CBCA3982276261B00D6D793 /* Release */ = {
			isa = XCBuildConfiguration;
			buildSettings = {
				ASSETCATALOG_COMPILER_APPICON_NAME = AppIcon;
				CODE_SIGN_STYLE = Automatic;
				DEVELOPMENT_TEAM = 73CXK45F3F;
				INFOPLIST_FILE = StarWars/Info.plist;
				LD_RUNPATH_SEARCH_PATHS = (
					"$(inherited)",
					"@executable_path/Frameworks",
				);
				PRODUCT_BUNDLE_IDENTIFIER = SAN.StarWars;
				PRODUCT_NAME = "$(TARGET_NAME)";
				SWIFT_VERSION = 5.0;
				TARGETED_DEVICE_FAMILY = "1,2";
			};
			name = Release;
		};
/* End XCBuildConfiguration section */

/* Begin XCConfigurationList section */
		4CBCA37F2276261400D6D793 /* Build configuration list for PBXProject "StarWars" */ = {
			isa = XCConfigurationList;
			buildConfigurations = (
				4CBCA3942276261B00D6D793 /* Debug */,
				4CBCA3952276261B00D6D793 /* Release */,
			);
			defaultConfigurationIsVisible = 0;
			defaultConfigurationName = Release;
		};
		4CBCA3962276261B00D6D793 /* Build configuration list for PBXNativeTarget "StarWars" */ = {
			isa = XCConfigurationList;
			buildConfigurations = (
				4CBCA3972276261B00D6D793 /* Debug */,
				4CBCA3982276261B00D6D793 /* Release */,
			);
			defaultConfigurationIsVisible = 0;
			defaultConfigurationName = Release;
		};
/* End XCConfigurationList section */
	};
	rootObject = 4CBCA37C2276261400D6D793 /* Project object */;
}
